
Microsoft Visual Studio Solution File, Format Version 12.00
# Visual Studio Version 17
VisualStudioVersion = 17.7.34024.191
MinimumVisualStudioVersion = 10.0.40219.1
Project("{9A19103F-16F7-4668-BE54-9A1E7A4F7556}") = "WpfExplorer", "WpfExplorer\WpfExplorer.csproj", "{44E22100-1822-49FD-947E-6AD21B8C7014}"
EndProject
Project("{9A19103F-16F7-4668-BE54-9A1E7A4F7556}") = "WpfExplorer.Support", "WpfExplorer.Support\WpfExplorer.Support.csproj", "{2F2A600F-DDAF-4B38-9605-C47EA001A1EB}"
EndProject
Project("{9A19103F-16F7-4668-BE54-9A1E7A4F7556}") = "WpfExplorer.Forms", "WpfExplorer.Forms\WpfExplorer.Forms.csproj", "{6FD750A7-496F-45FF-913B-1D3FD28B3534}"
EndProject
Project("{9A19103F-16F7-4668-BE54-9A1E7A4F7556}") = "WpfExplorer.Main", "WpfExplorer.Main\WpfExplorer.Main.csproj", "{37F446CC-A6CE-471A-B018-D0FB3A286D58}"
EndProject
Project("{FAE04EC0-301F-11D3-BF4B-00C04F79EFBC}") = "WpfExplorer.Location", "WpfExplorer.Location\WpfExplorer.Location.csproj", "{0473B166-BE49-4075-80D9-12F25844ADF3}"
EndProject
Global
	GlobalSection(SolutionConfigurationPlatforms) = preSolution
		Debug|Any CPU = Debug|Any CPU
		Release|Any CPU = Release|Any CPU
	EndGlobalSection
	GlobalSection(ProjectConfigurationPlatforms) = postSolution
		{44E22100-1822-49FD-947E-6AD21B8C7014}.Debug|Any CPU.ActiveCfg = Debug|Any CPU
		{44E22100-1822-49FD-947E-6AD21B8C7014}.Debug|Any CPU.Build.0 = Debug|Any CPU
		{44E22100-1822-49FD-947E-6AD21B8C7014}.Release|Any CPU.ActiveCfg = Release|Any CPU
		{44E22100-1822-49FD-947E-6AD21B8C7014}.Release|Any CPU.Build.0 = Release|Any CPU
		{2F2A600F-DDAF-4B38-9605-C47EA001A1EB}.Debug|Any CPU.ActiveCfg = Debug|Any CPU
		{2F2A600F-DDAF-4B38-9605-C47EA001A1EB}.Debug|Any CPU.Build.0 = Debug|Any CPU
		{2F2A600F-DDAF-4B38-9605-C47EA001A1EB}.Release|Any CPU.ActiveCfg = Release|Any CPU
		{2F2A600F-DDAF-4B38-9605-C47EA001A1EB}.Release|Any CPU.Build.0 = Release|Any CPU
		{6FD750A7-496F-45FF-913B-1D3FD28B3534}.Debug|Any CPU.ActiveCfg = Debug|Any CPU
		{6FD750A7-496F-45FF-913B-1D3FD28B3534}.Debug|Any CPU.Build.0 = Debug|Any CPU
		{6FD750A7-496F-45FF-913B-1D3FD28B3534}.Release|Any CPU.ActiveCfg = Release|Any CPU
		{6FD750A7-496F-45FF-913B-1D3FD28B3534}.Release|Any CPU.Build.0 = Release|Any CPU
		{37F446CC-A6CE-471A-B018-D0FB3A286D58}.Debug|Any CPU.ActiveCfg = Debug|Any CPU
		{37F446CC-A6CE-471A-B018-D0FB3A286D58}.Debug|Any CPU.Build.0 = Debug|Any CPU
		{37F446CC-A6CE-471A-B018-D0FB3A286D58}.Release|Any CPU.ActiveCfg = Release|Any CPU
		{37F446CC-A6CE-471A-B018-D0FB3A286D58}.Release|Any CPU.Build.0 = Release|Any CPU
		{0473B166-BE49-4075-80D9-12F25844ADF3}.Debug|Any CPU.ActiveCfg = Debug|Any CPU
		{0473B166-BE49-4075-80D9-12F25844ADF3}.Debug|Any CPU.Build.0 = Debug|Any CPU
		{0473B166-BE49-4075-80D9-12F25844ADF3}.Release|Any CPU.ActiveCfg = Release|Any CPU
		{0473B166-BE49-4075-80D9-12F25844ADF3}.Release|Any CPU.Build.0 = Release|Any CPU
	EndGlobalSection
	GlobalSection(SolutionProperties) = preSolution
		HideSolutionNode = FALSE
	EndGlobalSection
	GlobalSection(ExtensibilityGlobals) = postSolution
		SolutionGuid = {FA73F15F-F4B6-4637-B156-215A963C8785}
	EndGlobalSection
EndGlobal
